
Microsoft Visual Studio Solution File, Format Version 12.00
# Visual Studio Version 16
VisualStudioVersion = 16.0.31402.337
MinimumVisualStudioVersion = 10.0.40219.1
Project("{FAE04EC0-301F-11D3-BF4B-00C04F79EFBC}") = "SBL.Data", "SBL.Data\SBL.Data.csproj", "{5B0851E4-335B-4126-9FD7-DD9350CFFB19}"
EndProject
Project("{FAE04EC0-301F-11D3-BF4B-00C04F79EFBC}") = "SBL", "SBL\SBL.csproj", "{F55D380C-BFD9-4D8A-A47C-1CAD0651C2B0}"
EndProject
Global
	GlobalSection(SolutionConfigurationPlatforms) = preSolution
		Debug|Any CPU = Debug|Any CPU
		Release|Any CPU = Release|Any CPU
	EndGlobalSection
	GlobalSection(ProjectConfigurationPlatforms) = postSolution
		{5B0851E4-335B-4126-9FD7-DD9350CFFB19}.Debug|Any CPU.ActiveCfg = Debug|Any CPU
		{5B0851E4-335B-4126-9FD7-DD9350CFFB19}.Debug|Any CPU.Build.0 = Debug|Any CPU
		{5B0851E4-335B-4126-9FD7-DD9350CFFB19}.Release|Any CPU.ActiveCfg = Release|Any CPU
		{5B0851E4-335B-4126-9FD7-DD9350CFFB19}.Release|Any CPU.Build.0 = Release|Any CPU
		{F55D380C-BFD9-4D8A-A47C-1CAD0651C2B0}.Debug|Any CPU.ActiveCfg = Debug|Any CPU
		{F55D380C-BFD9-4D8A-A47C-1CAD0651C2B0}.Debug|Any CPU.Build.0 = Debug|Any CPU
		{F55D380C-BFD9-4D8A-A47C-1CAD0651C2B0}.Release|Any CPU.ActiveCfg = Release|Any CPU
		{F55D380C-BFD9-4D8A-A47C-1CAD0651C2B0}.Release|Any CPU.Build.0 = Release|Any CPU
	EndGlobalSection
	GlobalSection(SolutionProperties) = preSolution
		HideSolutionNode = FALSE
	EndGlobalSection
	GlobalSection(ExtensibilityGlobals) = postSolution
		SolutionGuid = {AB7DD0A6-26DE-428A-9798-199AABAF85DA}
	EndGlobalSection
EndGlobal
